
Microsoft Visual Studio Solution File, Format Version 12.00
# Visual Studio Version 17
VisualStudioVersion = 17.12.35527.113
MinimumVisualStudioVersion = 10.0.40219.1
Project("{FAE04EC0-301F-11D3-BF4B-00C04F79EFBC}") = "RAM", "RAM\RAM.csproj", "{C3848F4A-ADD2-4FD4-BDB7-EE9EB89BF5C3}"
EndProject
Project("{FAE04EC0-301F-11D3-BF4B-00C04F79EFBC}") = "ETABS", "ETABS\ETABS.csproj", "{3BE50C94-CA7E-48E1-9B4C-1A6C0A6D542C}"
EndProject
Project("{FAE04EC0-301F-11D3-BF4B-00C04F79EFBC}") = "Core", "Core\Core.csproj", "{80D76120-2908-4CE5-BDEA-1A24A47F4FDF}"
EndProject
Project("{FAE04EC0-301F-11D3-BF4B-00C04F79EFBC}") = "Tests", "Tests\Tests.csproj", "{DB510D94-3644-4E2E-9BB8-84309B6CD12D}"
EndProject
Project("{FAE04EC0-301F-11D3-BF4B-00C04F79EFBC}") = "Revit", "Revit\Revit.csproj", "{A9C552BB-E50A-4092-976E-FA64C56FD6DE}"
EndProject
Project("{FAE04EC0-301F-11D3-BF4B-00C04F79EFBC}") = "Grasshopper", "GrasshopperTest\Grasshopper.csproj", "{CD1308AD-9A7A-4553-89A9-DF79BB7A9A7C}"
EndProject
Global
	GlobalSection(SolutionConfigurationPlatforms) = preSolution
		Debug|Any CPU = Debug|Any CPU
		Release|Any CPU = Release|Any CPU
	EndGlobalSection
	GlobalSection(ProjectConfigurationPlatforms) = postSolution
		{C3848F4A-ADD2-4FD4-BDB7-EE9EB89BF5C3}.Debug|Any CPU.ActiveCfg = Debug|Any CPU
		{C3848F4A-ADD2-4FD4-BDB7-EE9EB89BF5C3}.Debug|Any CPU.Build.0 = Debug|Any CPU
		{C3848F4A-ADD2-4FD4-BDB7-EE9EB89BF5C3}.Release|Any CPU.ActiveCfg = Release|Any CPU
		{C3848F4A-ADD2-4FD4-BDB7-EE9EB89BF5C3}.Release|Any CPU.Build.0 = Release|Any CPU
		{3BE50C94-CA7E-48E1-9B4C-1A6C0A6D542C}.Debug|Any CPU.ActiveCfg = Debug|Any CPU
		{3BE50C94-CA7E-48E1-9B4C-1A6C0A6D542C}.Debug|Any CPU.Build.0 = Debug|Any CPU
		{3BE50C94-CA7E-48E1-9B4C-1A6C0A6D542C}.Release|Any CPU.ActiveCfg = Release|Any CPU
		{3BE50C94-CA7E-48E1-9B4C-1A6C0A6D542C}.Release|Any CPU.Build.0 = Release|Any CPU
		{80D76120-2908-4CE5-BDEA-1A24A47F4FDF}.Debug|Any CPU.ActiveCfg = Debug|Any CPU
		{80D76120-2908-4CE5-BDEA-1A24A47F4FDF}.Debug|Any CPU.Build.0 = Debug|Any CPU
		{80D76120-2908-4CE5-BDEA-1A24A47F4FDF}.Release|Any CPU.ActiveCfg = Release|Any CPU
		{80D76120-2908-4CE5-BDEA-1A24A47F4FDF}.Release|Any CPU.Build.0 = Release|Any CPU
		{DB510D94-3644-4E2E-9BB8-84309B6CD12D}.Debug|Any CPU.ActiveCfg = Debug|Any CPU
		{DB510D94-3644-4E2E-9BB8-84309B6CD12D}.Debug|Any CPU.Build.0 = Debug|Any CPU
		{DB510D94-3644-4E2E-9BB8-84309B6CD12D}.Release|Any CPU.ActiveCfg = Release|Any CPU
		{DB510D94-3644-4E2E-9BB8-84309B6CD12D}.Release|Any CPU.Build.0 = Release|Any CPU
		{A9C552BB-E50A-4092-976E-FA64C56FD6DE}.Debug|Any CPU.ActiveCfg = Debug|Any CPU
		{A9C552BB-E50A-4092-976E-FA64C56FD6DE}.Debug|Any CPU.Build.0 = Debug|Any CPU
		{A9C552BB-E50A-4092-976E-FA64C56FD6DE}.Release|Any CPU.ActiveCfg = Release|Any CPU
		{A9C552BB-E50A-4092-976E-FA64C56FD6DE}.Release|Any CPU.Build.0 = Release|Any CPU
		{CD1308AD-9A7A-4553-89A9-DF79BB7A9A7C}.Debug|Any CPU.ActiveCfg = Debug|Any CPU
		{CD1308AD-9A7A-4553-89A9-DF79BB7A9A7C}.Debug|Any CPU.Build.0 = Debug|Any CPU
		{CD1308AD-9A7A-4553-89A9-DF79BB7A9A7C}.Release|Any CPU.ActiveCfg = Release|Any CPU
		{CD1308AD-9A7A-4553-89A9-DF79BB7A9A7C}.Release|Any CPU.Build.0 = Release|Any CPU
	EndGlobalSection
	GlobalSection(SolutionProperties) = preSolution
		HideSolutionNode = FALSE
	EndGlobalSection
EndGlobal
